
Microsoft Visual Studio Solution File, Format Version 12.00
# Visual Studio Version 17
VisualStudioVersion = 17.13.35919.96 d17.13
MinimumVisualStudioVersion = 10.0.40219.1
Project("{FAE04EC0-301F-11D3-BF4B-00C04F79EFBC}") = "Оптимизация кода", "Оптимизация кода\Оптимизация кода.csproj", "{9E13AB25-0097-47B9-86EC-7FD3DB8974E8}"
EndProject
Global
	GlobalSection(SolutionConfigurationPlatforms) = preSolution
		Debug|Any CPU = Debug|Any CPU
		Release|Any CPU = Release|Any CPU
	EndGlobalSection
	GlobalSection(ProjectConfigurationPlatforms) = postSolution
		{9E13AB25-0097-47B9-86EC-7FD3DB8974E8}.Debug|Any CPU.ActiveCfg = Debug|Any CPU
		{9E13AB25-0097-47B9-86EC-7FD3DB8974E8}.Debug|Any CPU.Build.0 = Debug|Any CPU
		{9E13AB25-0097-47B9-86EC-7FD3DB8974E8}.Release|Any CPU.ActiveCfg = Release|Any CPU
		{9E13AB25-0097-47B9-86EC-7FD3DB8974E8}.Release|Any CPU.Build.0 = Release|Any CPU
	EndGlobalSection
	GlobalSection(SolutionProperties) = preSolution
		HideSolutionNode = FALSE
	EndGlobalSection
	GlobalSection(ExtensibilityGlobals) = postSolution
		SolutionGuid = {4751BA09-A014-4AF0-BAE5-4DC9A72290D2}
	EndGlobalSection
EndGlobal
